
Microsoft Visual Studio Solution File, Format Version 12.00
# Visual Studio Version 17
VisualStudioVersion = 17.4.33205.214
MinimumVisualStudioVersion = 10.0.40219.1
Project("{8BC9CEB8-8B4A-11D0-8D11-00A0C91BC942}") = "homework2", "homework2\homework2.vcxproj", "{19816AB6-BC58-420A-8F78-3AF51142D626}"
EndProject
Global
	GlobalSection(SolutionConfigurationPlatforms) = preSolution
		Debug|x64 = Debug|x64
		Debug|x86 = Debug|x86
		Release|x64 = Release|x64
		Release|x86 = Release|x86
	EndGlobalSection
	GlobalSection(ProjectConfigurationPlatforms) = postSolution
		{19816AB6-BC58-420A-8F78-3AF51142D626}.Debug|x64.ActiveCfg = Debug|x64
		{19816AB6-BC58-420A-8F78-3AF51142D626}.Debug|x64.Build.0 = Debug|x64
		{19816AB6-BC58-420A-8F78-3AF51142D626}.Debug|x86.ActiveCfg = Debug|Win32
		{19816AB6-BC58-420A-8F78-3AF51142D626}.Debug|x86.Build.0 = Debug|Win32
		{19816AB6-BC58-420A-8F78-3AF51142D626}.Release|x64.ActiveCfg = Release|x64
		{19816AB6-BC58-420A-8F78-3AF51142D626}.Release|x64.Build.0 = Release|x64
		{19816AB6-BC58-420A-8F78-3AF51142D626}.Release|x86.ActiveCfg = Release|Win32
		{19816AB6-BC58-420A-8F78-3AF51142D626}.Release|x86.Build.0 = Release|Win32
	EndGlobalSection
	GlobalSection(SolutionProperties) = preSolution
		HideSolutionNode = FALSE
	EndGlobalSection
	GlobalSection(ExtensibilityGlobals) = postSolution
		SolutionGuid = {B610154A-84C0-45E2-AF02-0002010A8E53}
	EndGlobalSection
EndGlobal
